
Microsoft Visual Studio Solution File, Format Version 12.00
# Visual Studio 15
VisualStudioVersion = 15.0.27703.2042
MinimumVisualStudioVersion = 10.0.40219.1
Project("{FAE04EC0-301F-11D3-BF4B-00C04F79EFBC}") = "CopyFunctionBreakpointName", "CopyFunctionBreakpointName\CopyFunctionBreakpointName.csproj", "{42E140AF-0200-4D66-AC68-77018A417B32}"
EndProject
Project("{FAE04EC0-301F-11D3-BF4B-00C04F79EFBC}") = "CopyFunctionBreakpointName.Tests", "CopyFunctionBreakpointName.Tests\CopyFunctionBreakpointName.Tests.csproj", "{A2F57BBE-C981-4DE7-BF19-7435DA77C338}"
EndProject
Global
	GlobalSection(SolutionConfigurationPlatforms) = preSolution
		Debug|Any CPU = Debug|Any CPU
		Release|Any CPU = Release|Any CPU
	EndGlobalSection
	GlobalSection(ProjectConfigurationPlatforms) = postSolution
		{42E140AF-0200-4D66-AC68-77018A417B32}.Debug|Any CPU.ActiveCfg = Debug|Any CPU
		{42E140AF-0200-4D66-AC68-77018A417B32}.Debug|Any CPU.Build.0 = Debug|Any CPU
		{42E140AF-0200-4D66-AC68-77018A417B32}.Release|Any CPU.ActiveCfg = Release|Any CPU
		{42E140AF-0200-4D66-AC68-77018A417B32}.Release|Any CPU.Build.0 = Release|Any CPU
		{A2F57BBE-C981-4DE7-BF19-7435DA77C338}.Debug|Any CPU.ActiveCfg = Debug|Any CPU
		{A2F57BBE-C981-4DE7-BF19-7435DA77C338}.Debug|Any CPU.Build.0 = Debug|Any CPU
		{A2F57BBE-C981-4DE7-BF19-7435DA77C338}.Release|Any CPU.ActiveCfg = Release|Any CPU
		{A2F57BBE-C981-4DE7-BF19-7435DA77C338}.Release|Any CPU.Build.0 = Release|Any CPU
	EndGlobalSection
	GlobalSection(SolutionProperties) = preSolution
		HideSolutionNode = FALSE
	EndGlobalSection
	GlobalSection(ExtensibilityGlobals) = postSolution
		SolutionGuid = {4E504F95-8F3A-448F-8D3F-066288D8BE20}
	EndGlobalSection
EndGlobal
